// !$*UTF8*$!
{
	archiveVersion = 1;
	classes = {
	};
	objectVersion = 46;
	objects = {

/* Begin PBXBuildFile section */
		E960CE2A15169BC300602D82 /* TicTacToeGame.m in Sources */ = {isa = PBXBuildFile; fileRef = E960CE2915169BC300602D82 /* TicTacToeGame.m */; };
		E960CE2B15169BC300602D82 /* TicTacToeGame.m in Sources */ = {isa = PBXBuildFile; fileRef = E960CE2915169BC300602D82 /* TicTacToeGame.m */; };
		E960CE2D1516C5F900602D82 /* ipad-new-game-button.png in Resources */ = {isa = PBXBuildFile; fileRef = E960CE2C1516C5F900602D82 /* ipad-new-game-button.png */; };
		E960CE2E1516C5F900602D82 /* ipad-new-game-button.png in Resources */ = {isa = PBXBuildFile; fileRef = E960CE2C1516C5F900602D82 /* ipad-new-game-button.png */; };
		E960CE311516C97200602D82 /* o-win-message.png in Resources */ = {isa = PBXBuildFile; fileRef = E960CE2F1516C97100602D82 /* o-win-message.png */; };
		E960CE321516C97200602D82 /* x-win-message.png in Resources */ = {isa = PBXBuildFile; fileRef = E960CE301516C97100602D82 /* x-win-message.png */; };
		E960CE341516CAFC00602D82 /* o-turn.png in Resources */ = {isa = PBXBuildFile; fileRef = E960CE331516CAFC00602D82 /* o-turn.png */; };
		E960CE361516CB1A00602D82 /* x-turn.png in Resources */ = {isa = PBXBuildFile; fileRef = E960CE351516CB1A00602D82 /* x-turn.png */; };
		E960CE391516EC5A00602D82 /* 320x460-tictactoe-grid.png in Resources */ = {isa = PBXBuildFile; fileRef = E960CE381516EC5A00602D82 /* 320x460-tictactoe-grid.png */; };
		E960CE431516EFAD00602D82 /* ipad-tictactoe-tie.png in Resources */ = {isa = PBXBuildFile; fileRef = E960CE421516EFAD00602D82 /* ipad-tictactoe-tie.png */; };
		E964E09914FC9F8E00976FF5 /* ipad-icon.png in Resources */ = {isa = PBXBuildFile; fileRef = E964E09814FC9F8E00976FF5 /* ipad-icon.png */; };
		E964E09B14FC9F9D00976FF5 /* iphone-icon.png in Resources */ = {isa = PBXBuildFile; fileRef = E964E09A14FC9F9D00976FF5 /* iphone-icon.png */; };
		E981901C152D1FFF0046CD48 /* win-swipe.png in Resources */ = {isa = PBXBuildFile; fileRef = E981901B152D1FFF0046CD48 /* win-swipe.png */; };
		E9AB883714F74238006E6695 /* ViewController_iPad.xib in Resources */ = {isa = PBXBuildFile; fileRef = E9AB883514F74238006E6695 /* ViewController_iPad.xib */; };
		E9AB883814F74238006E6695 /* ViewController_iPhone.xib in Resources */ = {isa = PBXBuildFile; fileRef = E9AB883614F74238006E6695 /* ViewController_iPhone.xib */; };
		E9D668C014D5D3B900E640E8 /* UIKit.framework in Frameworks */ = {isa = PBXBuildFile; fileRef = E9D668BF14D5D3B900E640E8 /* UIKit.framework */; };
		E9D668C214D5D3B900E640E8 /* Foundation.framework in Frameworks */ = {isa = PBXBuildFile; fileRef = E9D668C114D5D3B900E640E8 /* Foundation.framework */; };
		E9D668C414D5D3B900E640E8 /* CoreGraphics.framework in Frameworks */ = {isa = PBXBuildFile; fileRef = E9D668C314D5D3B900E640E8 /* CoreGraphics.framework */; };
		E9D668CA14D5D3B900E640E8 /* InfoPlist.strings in Resources */ = {isa = PBXBuildFile; fileRef = E9D668C814D5D3B900E640E8 /* InfoPlist.strings */; };
		E9D668CC14D5D3B900E640E8 /* main.m in Sources */ = {isa = PBXBuildFile; fileRef = E9D668CB14D5D3B900E640E8 /* main.m */; };
		E9D668D014D5D3B900E640E8 /* AppDelegate.m in Sources */ = {isa = PBXBuildFile; fileRef = E9D668CF14D5D3B900E640E8 /* AppDelegate.m */; };
		E9D668D314D5D3B900E640E8 /* ViewController.m in Sources */ = {isa = PBXBuildFile; fileRef = E9D668D214D5D3B900E640E8 /* ViewController.m */; };
		E9D668DE14D5D3B900E640E8 /* SenTestingKit.framework in Frameworks */ = {isa = PBXBuildFile; fileRef = E9D668DD14D5D3B900E640E8 /* SenTestingKit.framework */; };
		E9D668DF14D5D3B900E640E8 /* UIKit.framework in Frameworks */ = {isa = PBXBuildFile; fileRef = E9D668BF14D5D3B900E640E8 /* UIKit.framework */; };
		E9D668E014D5D3B900E640E8 /* Foundation.framework in Frameworks */ = {isa = PBXBuildFile; fileRef = E9D668C114D5D3B900E640E8 /* Foundation.framework */; };
		E9D668E814D5D3B900E640E8 /* InfoPlist.strings in Resources */ = {isa = PBXBuildFile; fileRef = E9D668E614D5D3B900E640E8 /* InfoPlist.strings */; };
		E9DB2D3415164FE0007F1D15 /* TicTacToeGame.m in Sources */ = {isa = PBXBuildFile; fileRef = E9DB2D3315164FE0007F1D15 /* TicTacToeGame.m */; };
		E9DB2D3715165C22007F1D15 /* TicTacToeTests.m in Sources */ = {isa = PBXBuildFile; fileRef = E9DB2D3615165C21007F1D15 /* TicTacToeTests.m */; };
		E9DFF2CC14FC8D3600456F6C /* ipad-o.png in Resources */ = {isa = PBXBuildFile; fileRef = E9DFF2CA14FC8D3600456F6C /* ipad-o.png */; };
		E9DFF2CD14FC8D3600456F6C /* ipad-x.png in Resources */ = {isa = PBXBuildFile; fileRef = E9DFF2CB14FC8D3600456F6C /* ipad-x.png */; };
		E9F3A16F14FC865E000EE70A /* ipad-grid-square.png in Resources */ = {isa = PBXBuildFile; fileRef = E9F3A16C14FC865E000EE70A /* ipad-grid-square.png */; };
/* End PBXBuildFile section */

/* Begin PBXContainerItemProxy section */
		E9D668E114D5D3B900E640E8 /* PBXContainerItemProxy */ = {
			isa = PBXContainerItemProxy;
			containerPortal = E9D668B214D5D3B900E640E8 /* Project object */;
			proxyType = 1;
			remoteGlobalIDString = E9D668BA14D5D3B900E640E8;
			remoteInfo = TicTacToe;
		};
/* End PBXContainerItemProxy section */

/* Begin PBXFileReference section */
		E960CE2815169BC300602D82 /* TicTacToeGame.h */ = {isa = PBXFileReference; fileEncoding = 4; lastKnownFileType = sourcecode.c.h; path = TicTacToeGame.h; sourceTree = "<group>"; };
		E960CE2915169BC300602D82 /* TicTacToeGame.m */ = {isa = PBXFileReference; fileEncoding = 4; lastKnownFileType = sourcecode.c.objc; path = TicTacToeGame.m; sourceTree = "<group>"; };
		E960CE2C1516C5F900602D82 /* ipad-new-game-button.png */ = {isa = PBXFileReference; lastKnownFileType = image.png; path = "ipad-new-game-button.png"; sourceTree = "<group>"; };
		E960CE2F1516C97100602D82 /* o-win-message.png */ = {isa = PBXFileReference; lastKnownFileType = image.png; path = "o-win-message.png"; sourceTree = "<group>"; };
		E960CE301516C97100602D82 /* x-win-message.png */ = {isa = PBXFileReference; lastKnownFileType = image.png; path = "x-win-message.png"; sourceTree = "<group>"; };
		E960CE331516CAFC00602D82 /* o-turn.png */ = {isa = PBXFileReference; lastKnownFileType = image.png; path = "o-turn.png"; sourceTree = "<group>"; };
		E960CE351516CB1A00602D82 /* x-turn.png */ = {isa = PBXFileReference; lastKnownFileType = image.png; path = "x-turn.png"; sourceTree = "<group>"; };
		E960CE381516EC5A00602D82 /* 320x460-tictactoe-grid.png */ = {isa = PBXFileReference; lastKnownFileType = image.png; path = "320x460-tictactoe-grid.png"; sourceTree = "<group>"; };
		E960CE421516EFAD00602D82 /* ipad-tictactoe-tie.png */ = {isa = PBXFileReference; lastKnownFileType = image.png; path = "ipad-tictactoe-tie.png"; sourceTree = "<group>"; };
		E964E09814FC9F8E00976FF5 /* ipad-icon.png */ = {isa = PBXFileReference; lastKnownFileType = image.png; name = "ipad-icon.png"; path = "../ipad-icon.png"; sourceTree = "<group>"; };
		E964E09A14FC9F9D00976FF5 /* iphone-icon.png */ = {isa = PBXFileReference; lastKnownFileType = image.png; name = "iphone-icon.png"; path = "../iphone-icon.png"; sourceTree = "<group>"; };
		E981901B152D1FFF0046CD48 /* win-swipe.png */ = {isa = PBXFileReference; lastKnownFileType = image.png; path = "win-swipe.png"; sourceTree = "<group>"; };
		E9AB883514F74238006E6695 /* ViewController_iPad.xib */ = {isa = PBXFileReference; fileEncoding = 4; lastKnownFileType = file.xib; path = ViewController_iPad.xib; sourceTree = "<group>"; };
		E9AB883614F74238006E6695 /* ViewController_iPhone.xib */ = {isa = PBXFileReference; fileEncoding = 4; lastKnownFileType = file.xib; path = ViewController_iPhone.xib; sourceTree = "<group>"; };
		E9D668BB14D5D3B900E640E8 /* TicTacToe.app */ = {isa = PBXFileReference; explicitFileType = wrapper.application; includeInIndex = 0; path = TicTacToe.app; sourceTree = BUILT_PRODUCTS_DIR; };
		E9D668BF14D5D3B900E640E8 /* UIKit.framework */ = {isa = PBXFileReference; lastKnownFileType = wrapper.framework; name = UIKit.framework; path = System/Library/Frameworks/UIKit.framework; sourceTree = SDKROOT; };
		E9D668C114D5D3B900E640E8 /* Foundation.framework */ = {isa = PBXFileReference; lastKnownFileType = wrapper.framework; name = Foundation.framework; path = System/Library/Frameworks/Foundation.framework; sourceTree = SDKROOT; };
		E9D668C314D5D3B900E640E8 /* CoreGraphics.framework */ = {isa = PBXFileReference; lastKnownFileType = wrapper.framework; name = CoreGraphics.framework; path = System/Library/Frameworks/CoreGraphics.framework; sourceTree = SDKROOT; };
		E9D668C714D5D3B900E640E8 /* TicTacToe-Info.plist */ = {isa = PBXFileReference; explicitFileType = text.plist.info; path = "TicTacToe-Info.plist"; sourceTree = "<group>"; };
		E9D668C914D5D3B900E640E8 /* en */ = {isa = PBXFileReference; lastKnownFileType = text.plist.strings; name = en; path = en.lproj/InfoPlist.strings; sourceTree = "<group>"; };
		E9D668CB14D5D3B900E640E8 /* main.m */ = {isa = PBXFileReference; lastKnownFileType = sourcecode.c.objc; path = main.m; sourceTree = "<group>"; };
		E9D668CD14D5D3B900E640E8 /* TicTacToe-Prefix.pch */ = {isa = PBXFileReference; lastKnownFileType = sourcecode.c.h; path = "TicTacToe-Prefix.pch"; sourceTree = "<group>"; };
		E9D668CE14D5D3B900E640E8 /* AppDelegate.h */ = {isa = PBXFileReference; lastKnownFileType = sourcecode.c.h; path = AppDelegate.h; sourceTree = "<group>"; };
		E9D668CF14D5D3B900E640E8 /* AppDelegate.m */ = {isa = PBXFileReference; lastKnownFileType = sourcecode.c.objc; path = AppDelegate.m; sourceTree = "<group>"; };
		E9D668D114D5D3B900E640E8 /* ViewController.h */ = {isa = PBXFileReference; lastKnownFileType = sourcecode.c.h; path = ViewController.h; sourceTree = "<group>"; };
		E9D668D214D5D3B900E640E8 /* ViewController.m */ = {isa = PBXFileReference; lastKnownFileType = sourcecode.c.objc; path = ViewController.m; sourceTree = "<group>"; };
		E9D668DC14D5D3B900E640E8 /* TicTacToeTests.octest */ = {isa = PBXFileReference; explicitFileType = wrapper.cfbundle; includeInIndex = 0; path = TicTacToeTests.octest; sourceTree = BUILT_PRODUCTS_DIR; };
		E9D668DD14D5D3B900E640E8 /* SenTestingKit.framework */ = {isa = PBXFileReference; lastKnownFileType = wrapper.framework; name = SenTestingKit.framework; path = Library/Frameworks/SenTestingKit.framework; sourceTree = DEVELOPER_DIR; };
		E9D668E514D5D3B900E640E8 /* TicTacToeTests-Info.plist */ = {isa = PBXFileReference; lastKnownFileType = text.plist.xml; path = "TicTacToeTests-Info.plist"; sourceTree = "<group>"; };
		E9D668E714D5D3B900E640E8 /* en */ = {isa = PBXFileReference; lastKnownFileType = text.plist.strings; name = en; path = en.lproj/InfoPlist.strings; sourceTree = "<group>"; };
		E9D668E914D5D3B900E640E8 /* TicTacToeTests.h */ = {isa = PBXFileReference; lastKnownFileType = sourcecode.c.h; name = TicTacToeTests.h; path = TicTacToeTests/TicTacToeTests.h; sourceTree = SOURCE_ROOT; };
		E9DB2D3215164FE0007F1D15 /* TicTacToeGame.h */ = {isa = PBXFileReference; fileEncoding = 4; lastKnownFileType = sourcecode.c.h; path = TicTacToeGame.h; sourceTree = "<group>"; };
		E9DB2D3315164FE0007F1D15 /* TicTacToeGame.m */ = {isa = PBXFileReference; fileEncoding = 4; lastKnownFileType = sourcecode.c.objc; name = TicTacToeGame.m; path = TicTacToeTests/TicTacToeGame.m; sourceTree = SOURCE_ROOT; };
		E9DB2D3615165C21007F1D15 /* TicTacToeTests.m */ = {isa = PBXFileReference; fileEncoding = 4; lastKnownFileType = sourcecode.c.objc; name = TicTacToeTests.m; path = TicTacToeTests/TicTacToeTests.m; sourceTree = SOURCE_ROOT; };
		E9DFF2CA14FC8D3600456F6C /* ipad-o.png */ = {isa = PBXFileReference; lastKnownFileType = image.png; path = "ipad-o.png"; sourceTree = "<group>"; };
		E9DFF2CB14FC8D3600456F6C /* ipad-x.png */ = {isa = PBXFileReference; lastKnownFileType = image.png; path = "ipad-x.png"; sourceTree = "<group>"; };
		E9F3A16C14FC865E000EE70A /* ipad-grid-square.png */ = {isa = PBXFileReference; lastKnownFileType = image.png; path = "ipad-grid-square.png"; sourceTree = "<group>"; };
/* End PBXFileReference section */

/* Begin PBXFrameworksBuildPhase section */
		E9D668B814D5D3B900E640E8 /* Frameworks */ = {
			isa = PBXFrameworksBuildPhase;
			buildActionMask = 2147483647;
			files = (
				E9D668C014D5D3B900E640E8 /* UIKit.framework in Frameworks */,
				E9D668C214D5D3B900E640E8 /* Foundation.framework in Frameworks */,
				E9D668C414D5D3B900E640E8 /* CoreGraphics.framework in Frameworks */,
			);
			runOnlyForDeploymentPostprocessing = 0;
		};
		E9D668D814D5D3B900E640E8 /* Frameworks */ = {
			isa = PBXFrameworksBuildPhase;
			buildActionMask = 2147483647;
			files = (
				E9D668DE14D5D3B900E640E8 /* SenTestingKit.framework in Frameworks */,
				E9D668DF14D5D3B900E640E8 /* UIKit.framework in Frameworks */,
				E9D668E014D5D3B900E640E8 /* Foundation.framework in Frameworks */,
			);
			runOnlyForDeploymentPostprocessing = 0;
		};
/* End PBXFrameworksBuildPhase section */

/* Begin PBXGroup section */
		E960CE371516EC0D00602D82 /* IPhone */ = {
			isa = PBXGroup;
			children = (
				E960CE381516EC5A00602D82 /* 320x460-tictactoe-grid.png */,
			);
			name = IPhone;
			sourceTree = "<group>";
		};
		E9932A4714F995F1001F7D0F /* Media */ = {
			isa = PBXGroup;
			children = (
				E981901B152D1FFF0046CD48 /* win-swipe.png */,
				E960CE371516EC0D00602D82 /* IPhone */,
				E9932A4914F9960D001F7D0F /* IPad */,
			);
			name = Media;
			sourceTree = "<group>";
		};
		E9932A4914F9960D001F7D0F /* IPad */ = {
			isa = PBXGroup;
			children = (
				E960CE421516EFAD00602D82 /* ipad-tictactoe-tie.png */,
				E960CE351516CB1A00602D82 /* x-turn.png */,
				E960CE331516CAFC00602D82 /* o-turn.png */,
				E960CE2F1516C97100602D82 /* o-win-message.png */,
				E960CE301516C97100602D82 /* x-win-message.png */,
				E960CE2C1516C5F900602D82 /* ipad-new-game-button.png */,
				E964E09A14FC9F9D00976FF5 /* iphone-icon.png */,
				E964E09814FC9F8E00976FF5 /* ipad-icon.png */,
				E9DFF2CA14FC8D3600456F6C /* ipad-o.png */,
				E9DFF2CB14FC8D3600456F6C /* ipad-x.png */,
				E9F3A16C14FC865E000EE70A /* ipad-grid-square.png */,
			);
			name = IPad;
			sourceTree = "<group>";
		};
		E9D668B014D5D3B900E640E8 = {
			isa = PBXGroup;
			children = (
				E9D668C514D5D3B900E640E8 /* TicTacToe */,
				E9D668E314D5D3B900E640E8 /* TicTacToeTests */,
				E9D668BE14D5D3B900E640E8 /* Frameworks */,
				E9D668BC14D5D3B900E640E8 /* Products */,
			);
			sourceTree = "<group>";
		};
		E9D668BC14D5D3B900E640E8 /* Products */ = {
			isa = PBXGroup;
			children = (
				E9D668BB14D5D3B900E640E8 /* TicTacToe.app */,
				E9D668DC14D5D3B900E640E8 /* TicTacToeTests.octest */,
			);
			name = Products;
			sourceTree = "<group>";
		};
		E9D668BE14D5D3B900E640E8 /* Frameworks */ = {
			isa = PBXGroup;
			children = (
				E9D668BF14D5D3B900E640E8 /* UIKit.framework */,
				E9D668C114D5D3B900E640E8 /* Foundation.framework */,
				E9D668C314D5D3B900E640E8 /* CoreGraphics.framework */,
				E9D668DD14D5D3B900E640E8 /* SenTestingKit.framework */,
			);
			name = Frameworks;
			sourceTree = "<group>";
		};
		E9D668C514D5D3B900E640E8 /* TicTacToe */ = {
			isa = PBXGroup;
			children = (
				E9932A4714F995F1001F7D0F /* Media */,
				E9AB883514F74238006E6695 /* ViewController_iPad.xib */,
				E9AB883614F74238006E6695 /* ViewController_iPhone.xib */,
				E9D668CE14D5D3B900E640E8 /* AppDelegate.h */,
				E9D668CF14D5D3B900E640E8 /* AppDelegate.m */,
				E9D668D114D5D3B900E640E8 /* ViewController.h */,
				E9D668D214D5D3B900E640E8 /* ViewController.m */,
				E960CE2815169BC300602D82 /* TicTacToeGame.h */,
				E960CE2915169BC300602D82 /* TicTacToeGame.m */,
				E9D668C614D5D3B900E640E8 /* Supporting Files */,
			);
			path = TicTacToe;
			sourceTree = "<group>";
		};
		E9D668C614D5D3B900E640E8 /* Supporting Files */ = {
			isa = PBXGroup;
			children = (
				E9D668C714D5D3B900E640E8 /* TicTacToe-Info.plist */,
				E9D668C814D5D3B900E640E8 /* InfoPlist.strings */,
				E9D668CB14D5D3B900E640E8 /* main.m */,
				E9D668CD14D5D3B900E640E8 /* TicTacToe-Prefix.pch */,
			);
			name = "Supporting Files";
			sourceTree = "<group>";
		};
		E9D668E314D5D3B900E640E8 /* TicTacToeTests */ = {
			isa = PBXGroup;
			children = (
				E9D668E914D5D3B900E640E8 /* TicTacToeTests.h */,
				E9DB2D3615165C21007F1D15 /* TicTacToeTests.m */,
				E9DB2D3215164FE0007F1D15 /* TicTacToeGame.h */,
				E9DB2D3315164FE0007F1D15 /* TicTacToeGame.m */,
				E9D668E414D5D3B900E640E8 /* Supporting Files */,
			);
			path = TicTacToeTests;
			sourceTree = "<group>";
		};
		E9D668E414D5D3B900E640E8 /* Supporting Files */ = {
			isa = PBXGroup;
			children = (
				E9D668E514D5D3B900E640E8 /* TicTacToeTests-Info.plist */,
				E9D668E614D5D3B900E640E8 /* InfoPlist.strings */,
			);
			name = "Supporting Files";
			sourceTree = "<group>";
		};
/* End PBXGroup section */

/* Begin PBXNativeTarget section */
		E9D668BA14D5D3B900E640E8 /* TicTacToe */ = {
			isa = PBXNativeTarget;
			buildConfigurationList = E9D668EE14D5D3B900E640E8 /* Build configuration list for PBXNativeTarget "TicTacToe" */;
			buildPhases = (
				E9D668B714D5D3B900E640E8 /* Sources */,
				E9D668B814D5D3B900E640E8 /* Frameworks */,
				E9D668B914D5D3B900E640E8 /* Resources */,
			);
			buildRules = (
			);
			dependencies = (
			);
			name = TicTacToe;
			productName = TicTacToe;
			productReference = E9D668BB14D5D3B900E640E8 /* TicTacToe.app */;
			productType = "com.apple.product-type.application";
		};
		E9D668DB14D5D3B900E640E8 /* TicTacToeTests */ = {
			isa = PBXNativeTarget;
			buildConfigurationList = E9D668F114D5D3B900E640E8 /* Build configuration list for PBXNativeTarget "TicTacToeTests" */;
			buildPhases = (
				E9D668D714D5D3B900E640E8 /* Sources */,
				E9D668D814D5D3B900E640E8 /* Frameworks */,
				E9D668D914D5D3B900E640E8 /* Resources */,
				E9D668DA14D5D3B900E640E8 /* ShellScript */,
			);
			buildRules = (
			);
			dependencies = (
				E9D668E214D5D3B900E640E8 /* PBXTargetDependency */,
			);
			name = TicTacToeTests;
			productName = TicTacToeTests;
			productReference = E9D668DC14D5D3B900E640E8 /* TicTacToeTests.octest */;
			productType = "com.apple.product-type.bundle.ocunit-test";
		};
/* End PBXNativeTarget section */

/* Begin PBXProject section */
		E9D668B214D5D3B900E640E8 /* Project object */ = {
			isa = PBXProject;
			attributes = {
				LastTestingUpgradeCheck = 0710;
				LastUpgradeCheck = 0420;
			};
			buildConfigurationList = E9D668B514D5D3B900E640E8 /* Build configuration list for PBXProject "TicTacToe" */;
			compatibilityVersion = "Xcode 3.2";
			developmentRegion = English;
			hasScannedForEncodings = 0;
			knownRegions = (
				en,
			);
			mainGroup = E9D668B014D5D3B900E640E8;
			productRefGroup = E9D668BC14D5D3B900E640E8 /* Products */;
			projectDirPath = "";
			projectRoot = "";
			targets = (
				E9D668BA14D5D3B900E640E8 /* TicTacToe */,
				E9D668DB14D5D3B900E640E8 /* TicTacToeTests */,
			);
		};
/* End PBXProject section */

/* Begin PBXResourcesBuildPhase section */
		E9D668B914D5D3B900E640E8 /* Resources */ = {
			isa = PBXResourcesBuildPhase;
			buildActionMask = 2147483647;
			files = (
				E9D668CA14D5D3B900E640E8 /* InfoPlist.strings in Resources */,
				E9AB883714F74238006E6695 /* ViewController_iPad.xib in Resources */,
				E9AB883814F74238006E6695 /* ViewController_iPhone.xib in Resources */,
				E9F3A16F14FC865E000EE70A /* ipad-grid-square.png in Resources */,
				E9DFF2CC14FC8D3600456F6C /* ipad-o.png in Resources */,
				E9DFF2CD14FC8D3600456F6C /* ipad-x.png in Resources */,
				E964E09914FC9F8E00976FF5 /* ipad-icon.png in Resources */,
				E964E09B14FC9F9D00976FF5 /* iphone-icon.png in Resources */,
				E960CE2D1516C5F900602D82 /* ipad-new-game-button.png in Resources */,
				E960CE311516C97200602D82 /* o-win-message.png in Resources */,
				E960CE321516C97200602D82 /* x-win-message.png in Resources */,
				E960CE341516CAFC00602D82 /* o-turn.png in Resources */,
				E960CE361516CB1A00602D82 /* x-turn.png in Resources */,
				E960CE391516EC5A00602D82 /* 320x460-tictactoe-grid.png in Resources */,
				E960CE431516EFAD00602D82 /* ipad-tictactoe-tie.png in Resources */,
				E981901C152D1FFF0046CD48 /* win-swipe.png in Resources */,
			);
			runOnlyForDeploymentPostprocessing = 0;
		};
		E9D668D914D5D3B900E640E8 /* Resources */ = {
			isa = PBXResourcesBuildPhase;
			buildActionMask = 2147483647;
			files = (
				E9D668E814D5D3B900E640E8 /* InfoPlist.strings in Resources */,
				E960CE2E1516C5F900602D82 /* ipad-new-game-button.png in Resources */,
			);
			runOnlyForDeploymentPostprocessing = 0;
		};
/* End PBXResourcesBuildPhase section */

/* Begin PBXShellScriptBuildPhase section */
		E9D668DA14D5D3B900E640E8 /* ShellScript */ = {
			isa = PBXShellScriptBuildPhase;
			buildActionMask = 2147483647;
			files = (
			);
			inputPaths = (
			);
			outputPaths = (
			);
			runOnlyForDeploymentPostprocessing = 0;
			shellPath = /bin/sh;
			shellScript = "# Run the unit tests in this test bundle.\n\"${SYSTEM_DEVELOPER_DIR}/Tools/RunUnitTests\"\n";
		};
/* End PBXShellScriptBuildPhase section */

/* Begin PBXSourcesBuildPhase section */
		E9D668B714D5D3B900E640E8 /* Sources */ = {
			isa = PBXSourcesBuildPhase;
			buildActionMask = 2147483647;
			files = (
				E9D668CC14D5D3B900E640E8 /* main.m in Sources */,
				E9D668D014D5D3B900E640E8 /* AppDelegate.m in Sources */,
				E9D668D314D5D3B900E640E8 /* ViewController.m in Sources */,
				E960CE2A15169BC300602D82 /* TicTacToeGame.m in Sources */,
			);
			runOnlyForDeploymentPostprocessing = 0;
		};
		E9D668D714D5D3B900E640E8 /* Sources */ = {
			isa = PBXSourcesBuildPhase;
			buildActionMask = 2147483647;
			files = (
				E9DB2D3415164FE0007F1D15 /* TicTacToeGame.m in Sources */,
				E9DB2D3715165C22007F1D15 /* TicTacToeTests.m in Sources */,
				E960CE2B15169BC300602D82 /* TicTacToeGame.m in Sources */,
			);
			runOnlyForDeploymentPostprocessing = 0;
		};
/* End PBXSourcesBuildPhase section */

/* Begin PBXTargetDependency section */
		E9D668E214D5D3B900E640E8 /* PBXTargetDependency */ = {
			isa = PBXTargetDependency;
			target = E9D668BA14D5D3B900E640E8 /* TicTacToe */;
			targetProxy = E9D668E114D5D3B900E640E8 /* PBXContainerItemProxy */;
		};
/* End PBXTargetDependency section */

/* Begin PBXVariantGroup section */
		E9D668C814D5D3B900E640E8 /* InfoPlist.strings */ = {
			isa = PBXVariantGroup;
			children = (
				E9D668C914D5D3B900E640E8 /* en */,
			);
			name = InfoPlist.strings;
			sourceTree = "<group>";
		};
		E9D668E614D5D3B900E640E8 /* InfoPlist.strings */ = {
			isa = PBXVariantGroup;
			children = (
				E9D668E714D5D3B900E640E8 /* en */,
			);
			name = InfoPlist.strings;
			sourceTree = "<group>";
		};
/* End PBXVariantGroup section */

/* Begin XCBuildConfiguration section */
		E98D927414E624AF007FD5CA /* Ad Hoc */ = {
			isa = XCBuildConfiguration;
			buildSettings = {
				ALWAYS_SEARCH_USER_PATHS = NO;
				ARCHS = "$(ARCHS_STANDARD_32_BIT)";
				CLANG_ENABLE_OBJC_ARC = YES;
				"CODE_SIGN_IDENTITY[sdk=iphoneos*]" = "iPhone Distribution";
				COPY_PHASE_STRIP = YES;
				GCC_C_LANGUAGE_STANDARD = gnu99;
				GCC_VERSION = com.apple.compilers.llvm.clang.1_0;
				GCC_WARN_ABOUT_MISSING_PROTOTYPES = YES;
				GCC_WARN_ABOUT_RETURN_TYPE = YES;
				GCC_WARN_UNUSED_VARIABLE = YES;
				IPHONEOS_DEPLOYMENT_TARGET = 4.2;
				OTHER_CFLAGS = "-DNS_BLOCK_ASSERTIONS=1";
				"PROVISIONING_PROFILE[sdk=iphoneos*]" = "";
				SDKROOT = iphoneos;
				SKIP_INSTALL = YES;
				VALIDATE_PRODUCT = YES;
			};
			name = "Ad Hoc";
		};
		E98D927514E624AF007FD5CA /* Ad Hoc */ = {
			isa = XCBuildConfiguration;
			buildSettings = {
				CODE_SIGN_IDENTITY = "iPhone Distribution";
				"CODE_SIGN_IDENTITY[sdk=iphoneos*]" = "iPhone Distribution";
				GCC_PRECOMPILE_PREFIX_HEADER = YES;
				GCC_PREFIX_HEADER = "TicTacToe/TicTacToe-Prefix.pch";
				INFOPLIST_FILE = "TicTacToe/TicTacToe-Info.plist";
				IPHONEOS_DEPLOYMENT_TARGET = 4.2;
				PRODUCT_NAME = "$(TARGET_NAME)";
				PROVISIONING_PROFILE = "";
				"PROVISIONING_PROFILE[sdk=iphoneos*]" = "";
				SKIP_INSTALL = NO;
				TARGETED_DEVICE_FAMILY = "1,2";
				WRAPPER_EXTENSION = app;
			};
			name = "Ad Hoc";
		};
		E98D927614E624AF007FD5CA /* Ad Hoc */ = {
			isa = XCBuildConfiguration;
			buildSettings = {
				BUNDLE_LOADER = "$(BUILT_PRODUCTS_DIR)/TicTacToe.app/TicTacToe";
				FRAMEWORK_SEARCH_PATHS = (
					"$(SDKROOT)/Developer/Library/Frameworks",
					"$(DEVELOPER_LIBRARY_DIR)/Frameworks",
				);
				GCC_PRECOMPILE_PREFIX_HEADER = YES;
				GCC_PREFIX_HEADER = "TicTacToe/TicTacToe-Prefix.pch";
				INFOPLIST_FILE = "TicTacToeTests/TicTacToeTests-Info.plist";
				PRODUCT_NAME = "$(TARGET_NAME)";
				SKIP_INSTALL = NO;
				TEST_HOST = "$(BUNDLE_LOADER)";
				WRAPPER_EXTENSION = octest;
			};
			name = "Ad Hoc";
		};
		E9D668EC14D5D3B900E640E8 /* Debug */ = {
			isa = XCBuildConfiguration;
			buildSettings = {
				ALWAYS_SEARCH_USER_PATHS = NO;
				ARCHS = "$(ARCHS_STANDARD_32_BIT)";
				CLANG_ENABLE_OBJC_ARC = YES;
				"CODE_SIGN_IDENTITY[sdk=iphoneos*]" = "iPhone Developer";
				COPY_PHASE_STRIP = NO;
				GCC_C_LANGUAGE_STANDARD = gnu99;
				GCC_DYNAMIC_NO_PIC = NO;
				GCC_OPTIMIZATION_LEVEL = 0;
				GCC_PREPROCESSOR_DEFINITIONS = (
					"DEBUG=1",
					"$(inherited)",
				);
				GCC_SYMBOLS_PRIVATE_EXTERN = NO;
				GCC_VERSION = com.apple.compilers.llvm.clang.1_0;
				GCC_WARN_ABOUT_MISSING_PROTOTYPES = YES;
				GCC_WARN_ABOUT_RETURN_TYPE = YES;
				GCC_WARN_UNUSED_VARIABLE = YES;
				IPHONEOS_DEPLOYMENT_TARGET = 4.2;
				"PROVISIONING_PROFILE[sdk=iphoneos*]" = "";
				SDKROOT = iphoneos;
				SKIP_INSTALL = YES;
			};
			name = Debug;
		};
		E9D668ED14D5D3B900E640E8 /* Release */ = {
			isa = XCBuildConfiguration;
			buildSettings = {
				ALWAYS_SEARCH_USER_PATHS = NO;
				ARCHS = "$(ARCHS_STANDARD_32_BIT)";
				CLANG_ENABLE_OBJC_ARC = YES;
				"CODE_SIGN_IDENTITY[sdk=iphoneos*]" = "iPhone Distribution: Thomas Nielsen";
				COPY_PHASE_STRIP = YES;
				GCC_C_LANGUAGE_STANDARD = gnu99;
				GCC_VERSION = com.apple.compilers.llvm.clang.1_0;
				GCC_WARN_ABOUT_MISSING_PROTOTYPES = YES;
				GCC_WARN_ABOUT_RETURN_TYPE = YES;
				GCC_WARN_UNUSED_VARIABLE = YES;
				IPHONEOS_DEPLOYMENT_TARGET = 4.2;
				OTHER_CFLAGS = "-DNS_BLOCK_ASSERTIONS=1";
				"PROVISIONING_PROFILE[sdk=iphoneos*]" = "7AAE02FD-AFE3-45F7-8D2C-B3DFD808D58E";
				SDKROOT = iphoneos;
				SKIP_INSTALL = YES;
				VALIDATE_PRODUCT = YES;
			};
			name = Release;
		};
		E9D668EF14D5D3B900E640E8 /* Debug */ = {
			isa = XCBuildConfiguration;
			buildSettings = {
				CODE_SIGN_IDENTITY = "";
				"CODE_SIGN_IDENTITY[sdk=iphoneos*]" = "iPhone Developer";
				GCC_PRECOMPILE_PREFIX_HEADER = YES;
				GCC_PREFIX_HEADER = "TicTacToe/TicTacToe-Prefix.pch";
				INFOPLIST_FILE = "TicTacToe/TicTacToe-Info.plist";
				IPHONEOS_DEPLOYMENT_TARGET = 4.2;
				PRODUCT_NAME = "$(TARGET_NAME)";
				"PROVISIONING_PROFILE[sdk=iphoneos*]" = "";
				SKIP_INSTALL = NO;
				TARGETED_DEVICE_FAMILY = "1,2";
				WRAPPER_EXTENSION = app;
			};
			name = Debug;
		};
		E9D668F014D5D3B900E640E8 /* Release */ = {
			isa = XCBuildConfiguration;
			buildSettings = {
				"CODE_SIGN_IDENTITY[sdk=iphoneos*]" = "iPhone Distribution: Thomas Nielsen";
				GCC_PRECOMPILE_PREFIX_HEADER = YES;
				GCC_PREFIX_HEADER = "TicTacToe/TicTacToe-Prefix.pch";
				INFOPLIST_FILE = "TicTacToe/TicTacToe-Info.plist";
				IPHONEOS_DEPLOYMENT_TARGET = 4.2;
				PRODUCT_NAME = "$(TARGET_NAME)";
				"PROVISIONING_PROFILE[sdk=iphoneos*]" = "E672B09E-8735-49C0-8716-9A8D3097DD3B";
				SKIP_INSTALL = NO;
				TARGETED_DEVICE_FAMILY = "1,2";
				VALIDATE_PRODUCT = YES;
				WRAPPER_EXTENSION = app;
			};
			name = Release;
		};
		E9D668F214D5D3B900E640E8 /* Debug */ = {
			isa = XCBuildConfiguration;
			buildSettings = {
				BUNDLE_LOADER = "$(BUILT_PRODUCTS_DIR)/TicTacToe.app/TicTacToe";
				FRAMEWORK_SEARCH_PATHS = (
					"$(SDKROOT)/Developer/Library/Frameworks",
					"$(DEVELOPER_LIBRARY_DIR)/Frameworks",
				);
				GCC_PRECOMPILE_PREFIX_HEADER = YES;
				GCC_PREFIX_HEADER = "TicTacToe/TicTacToe-Prefix.pch";
				INFOPLIST_FILE = "TicTacToeTests/TicTacToeTests-Info.plist";
				PRODUCT_NAME = "$(TARGET_NAME)";
				SKIP_INSTALL = NO;
				TEST_HOST = "$(BUNDLE_LOADER)";
				WRAPPER_EXTENSION = octest;
			};
			name = Debug;
		};
		E9D668F314D5D3B900E640E8 /* Release */ = {
			isa = XCBuildConfiguration;
			buildSettings = {
				BUNDLE_LOADER = "$(BUILT_PRODUCTS_DIR)/TicTacToe.app/TicTacToe";
				FRAMEWORK_SEARCH_PATHS = (
					"$(SDKROOT)/Developer/Library/Frameworks",
					"$(DEVELOPER_LIBRARY_DIR)/Frameworks",
				);
				GCC_PRECOMPILE_PREFIX_HEADER = YES;
				GCC_PREFIX_HEADER = "TicTacToe/TicTacToe-Prefix.pch";
				INFOPLIST_FILE = "TicTacToeTests/TicTacToeTests-Info.plist";
				PRODUCT_NAME = "$(TARGET_NAME)";
				SKIP_INSTALL = NO;
				TEST_HOST = "$(BUNDLE_LOADER)";
				WRAPPER_EXTENSION = octest;
			};
			name = Release;
		};
/* End XCBuildConfiguration section */

/* Begin XCConfigurationList section */
		E9D668B514D5D3B900E640E8 /* Build configuration list for PBXProject "TicTacToe" */ = {
			isa = XCConfigurationList;
			buildConfigurations = (
				E9D668EC14D5D3B900E640E8 /* Debug */,
				E9D668ED14D5D3B900E640E8 /* Release */,
				E98D927414E624AF007FD5CA /* Ad Hoc */,
			);
			defaultConfigurationIsVisible = 0;
			defaultConfigurationName = Release;
		};
		E9D668EE14D5D3B900E640E8 /* Build configuration list for PBXNativeTarget "TicTacToe" */ = {
			isa = XCConfigurationList;
			buildConfigurations = (
				E9D668EF14D5D3B900E640E8 /* Debug */,
				E9D668F014D5D3B900E640E8 /* Release */,
				E98D927514E624AF007FD5CA /* Ad Hoc */,
			);
			defaultConfigurationIsVisible = 0;
			defaultConfigurationName = Release;
		};
		E9D668F114D5D3B900E640E8 /* Build configuration list for PBXNativeTarget "TicTacToeTests" */ = {
			isa = XCConfigurationList;
			buildConfigurations = (
				E9D668F214D5D3B900E640E8 /* Debug */,
				E9D668F314D5D3B900E640E8 /* Release */,
				E98D927614E624AF007FD5CA /* Ad Hoc */,
			);
			defaultConfigurationIsVisible = 0;
			defaultConfigurationName = Release;
		};
/* End XCConfigurationList section */
	};
	rootObject = E9D668B214D5D3B900E640E8 /* Project object */;
}
